Microsoft Visual Studio Solution File, Format Version 11.00
# Visual Studio 2008

Project("{F53904C5-4F34-487F-8A13-D54CE0373C0A}") = "Hemtenta_simulator", "Assembly-CSharp-firstpass.csproj", "{6C773AE8-F725-1AB6-92FD-429B1473178B}"
EndProject
Project("{F53904C5-4F34-487F-8A13-D54CE0373C0A}") = "Hemtenta_simulator", "Assembly-CSharp.csproj", "{BE303533-54E1-DCB1-0D08-E7F334289FB0}"
EndProject
Project("{F53904C5-4F34-487F-8A13-D54CE0373C0A}") = "Hemtenta_simulator", "Assembly-CSharp-Editor.csproj", "{BB27C62E-2AE8-7E0F-6263-7021FEF6C122}"
EndProject
Global
	GlobalSection(SolutionConfigurationPlatforms) = preSolution
		Debug|Any CPU = Debug|Any CPU
		Release|Any CPU = Release|Any CPU
	EndGlobalSection
	GlobalSection(ProjectConfigurationPlatforms) = postSolution
		{6C773AE8-F725-1AB6-92FD-429B1473178B}.Debug|Any CPU.ActiveCfg = Debug|Any CPU
		{6C773AE8-F725-1AB6-92FD-429B1473178B}.Debug|Any CPU.Build.0 = Debug|Any CPU
		{6C773AE8-F725-1AB6-92FD-429B1473178B}.Release|Any CPU.ActiveCfg = Release|Any CPU
		{6C773AE8-F725-1AB6-92FD-429B1473178B}.Release|Any CPU.Build.0 = Release|Any CPU
		{BE303533-54E1-DCB1-0D08-E7F334289FB0}.Debug|Any CPU.ActiveCfg = Debug|Any CPU
		{BE303533-54E1-DCB1-0D08-E7F334289FB0}.Debug|Any CPU.Build.0 = Debug|Any CPU
		{BE303533-54E1-DCB1-0D08-E7F334289FB0}.Release|Any CPU.ActiveCfg = Release|Any CPU
		{BE303533-54E1-DCB1-0D08-E7F334289FB0}.Release|Any CPU.Build.0 = Release|Any CPU
		{BB27C62E-2AE8-7E0F-6263-7021FEF6C122}.Debug|Any CPU.ActiveCfg = Debug|Any CPU
		{BB27C62E-2AE8-7E0F-6263-7021FEF6C122}.Debug|Any CPU.Build.0 = Debug|Any CPU
		{BB27C62E-2AE8-7E0F-6263-7021FEF6C122}.Release|Any CPU.ActiveCfg = Release|Any CPU
		{BB27C62E-2AE8-7E0F-6263-7021FEF6C122}.Release|Any CPU.Build.0 = Release|Any CPU
	EndGlobalSection
	GlobalSection(SolutionProperties) = preSolution
		HideSolutionNode = FALSE
	EndGlobalSection
	GlobalSection(MonoDevelopProperties) = preSolution
		StartupItem = Assembly-CSharp.csproj
	EndGlobalSection
EndGlobal
