
Microsoft Visual Studio Solution File, Format Version 12.00
# Visual Studio 2015
Project("{FAE04EC0-301F-11D3-BF4B-00C04F79EFBC}") = "Hemtenta simulator.CSharp.Plugins", "Hemtenta simulator.CSharp.Plugins.csproj", "{5041A29D-0D57-D5D5-5100-B84C5B424796}"
EndProject
Project("{FAE04EC0-301F-11D3-BF4B-00C04F79EFBC}") = "Hemtenta simulator.CSharp", "Hemtenta simulator.CSharp.csproj", "{A75BC89B-03FE-ED9E-76C5-11902AADC03C}"
EndProject
Project("{FAE04EC0-301F-11D3-BF4B-00C04F79EFBC}") = "Hemtenta simulator.CSharp.Editor", "Hemtenta simulator.CSharp.Editor.csproj", "{25039A9E-B550-CCB8-0288-0E316E78DC8C}"
EndProject
Global
	GlobalSection(SolutionConfigurationPlatforms) = preSolution
		Debug|Any CPU = Debug|Any CPU
		Release|Any CPU = Release|Any CPU
	EndGlobalSection
	GlobalSection(ProjectConfigurationPlatforms) = postSolution
		{5041A29D-0D57-D5D5-5100-B84C5B424796}.Debug|Any CPU.ActiveCfg = Debug|Any CPU
		{5041A29D-0D57-D5D5-5100-B84C5B424796}.Debug|Any CPU.Build.0 = Debug|Any CPU
		{5041A29D-0D57-D5D5-5100-B84C5B424796}.Release|Any CPU.ActiveCfg = Release|Any CPU
		{5041A29D-0D57-D5D5-5100-B84C5B424796}.Release|Any CPU.Build.0 = Release|Any CPU
		{A75BC89B-03FE-ED9E-76C5-11902AADC03C}.Debug|Any CPU.ActiveCfg = Debug|Any CPU
		{A75BC89B-03FE-ED9E-76C5-11902AADC03C}.Debug|Any CPU.Build.0 = Debug|Any CPU
		{A75BC89B-03FE-ED9E-76C5-11902AADC03C}.Release|Any CPU.ActiveCfg = Release|Any CPU
		{A75BC89B-03FE-ED9E-76C5-11902AADC03C}.Release|Any CPU.Build.0 = Release|Any CPU
		{25039A9E-B550-CCB8-0288-0E316E78DC8C}.Debug|Any CPU.ActiveCfg = Debug|Any CPU
		{25039A9E-B550-CCB8-0288-0E316E78DC8C}.Debug|Any CPU.Build.0 = Debug|Any CPU
		{25039A9E-B550-CCB8-0288-0E316E78DC8C}.Release|Any CPU.ActiveCfg = Release|Any CPU
		{25039A9E-B550-CCB8-0288-0E316E78DC8C}.Release|Any CPU.Build.0 = Release|Any CPU
	EndGlobalSection
	GlobalSection(SolutionProperties) = preSolution
		HideSolutionNode = FALSE
	EndGlobalSection
EndGlobal
